
Microsoft Visual Studio Solution File, Format Version 12.00
# Visual Studio 15
VisualStudioVersion = 15.0.27428.2037
MinimumVisualStudioVersion = 10.0.40219.1
Project("{9A19103F-16F7-4668-BE54-9A1E7A4F7556}") = "WeatherApp", "WeatherApp\WeatherApp.csproj", "{E4C3FE88-895B-4F0E-8356-35DC122C43BC}"
EndProject
Project("{FAE04EC0-301F-11D3-BF4B-00C04F79EFBC}") = "WeatherApp.Android", "WeatherApp.Android\WeatherApp.Android.csproj", "{EE29BE41-E534-4CC8-96F0-01E57CE532A4}"
EndProject
Global
	GlobalSection(SolutionConfigurationPlatforms) = preSolution
		Debug|Any CPU = Debug|Any CPU
		Release|Any CPU = Release|Any CPU
	EndGlobalSection
	GlobalSection(ProjectConfigurationPlatforms) = postSolution
		{E4C3FE88-895B-4F0E-8356-35DC122C43BC}.Debug|Any CPU.ActiveCfg = Debug|Any CPU
		{E4C3FE88-895B-4F0E-8356-35DC122C43BC}.Debug|Any CPU.Build.0 = Debug|Any CPU
		{E4C3FE88-895B-4F0E-8356-35DC122C43BC}.Release|Any CPU.ActiveCfg = Release|Any CPU
		{E4C3FE88-895B-4F0E-8356-35DC122C43BC}.Release|Any CPU.Build.0 = Release|Any CPU
		{EE29BE41-E534-4CC8-96F0-01E57CE532A4}.Debug|Any CPU.ActiveCfg = Debug|Any CPU
		{EE29BE41-E534-4CC8-96F0-01E57CE532A4}.Debug|Any CPU.Build.0 = Debug|Any CPU
		{EE29BE41-E534-4CC8-96F0-01E57CE532A4}.Debug|Any CPU.Deploy.0 = Debug|Any CPU
		{EE29BE41-E534-4CC8-96F0-01E57CE532A4}.Release|Any CPU.ActiveCfg = Release|Any CPU
		{EE29BE41-E534-4CC8-96F0-01E57CE532A4}.Release|Any CPU.Build.0 = Release|Any CPU
		{EE29BE41-E534-4CC8-96F0-01E57CE532A4}.Release|Any CPU.Deploy.0 = Release|Any CPU
	EndGlobalSection
	GlobalSection(SolutionProperties) = preSolution
		HideSolutionNode = FALSE
	EndGlobalSection
	GlobalSection(ExtensibilityGlobals) = postSolution
		SolutionGuid = {77AFBF7F-6CE4-4720-BFF8-66474D261E51}
	EndGlobalSection
EndGlobal
